<?xml version="1.0" encoding="utf-8"?>
<Project ToolsVersion="4.0" xmlns="http://schemas.microsoft.com/developer/msbuild/2003">
  <ItemGroup>
    <ClCompile Include="Application.cpp">
      <Filter>Source</Filter>
    </ClCompile>
    <ClCompile Include="bmp.cpp">
      <Filter>Include\Defines</Filter>
    </ClCompile>
    <ClCompile Include="DataEncoder.cpp">
      <Filter>Include\Defines</Filter>
    </ClCompile>
    <ClCompile Include="QRCode.cpp">
      <Filter>Include\Defines</Filter>
    </ClCompile>
    <ClCompile Include="Examples.cpp">
      <Filter>Include\Defines</Filter>
    </ClCompile>
  </ItemGroup>
  <ItemGroup>
    <ClInclude Include="bmp.h">
      <Filter>Include\Headers</Filter>
    </ClInclude>
    <ClInclude Include="core.h">
      <Filter>Include\Headers</Filter>
    </ClInclude>
    <ClInclude Include="SupFunction.h">
      <Filter>Include\Headers</Filter>
    </ClInclude>
    <ClInclude Include="BMPImageIO.hpp">
      <Filter>Include\Templates</Filter>
    </ClInclude>
    <ClInclude Include="gf.hpp">
      <Filter>Include\Templates</Filter>
    </ClInclude>
    <ClInclude Include="IImageIn.hpp">
      <Filter>Include\Templates</Filter>
    </ClInclude>
    <ClInclude Include="IImageIO.hpp">
      <Filter>Include\Templates</Filter>
    </ClInclude>
    <ClInclude Include="IImageOut.hpp">
      <Filter>Include\Templates</Filter>
    </ClInclude>
    <ClInclude Include="ImageIO.hpp">
      <Filter>Include\Templates</Filter>
    </ClInclude>
    <ClInclude Include="Matrix.hpp">
      <Filter>Include\Templates</Filter>
    </ClInclude>
    <ClInclude Include="poly.hpp">
      <Filter>Include\Templates</Filter>
    </ClInclude>
    <ClInclude Include="rs.hpp">
      <Filter>Include\Templates</Filter>
    </ClInclude>
    <ClInclude Include="QRCode.h">
      <Filter>Include\Headers</Filter>
    </ClInclude>
    <ClInclude Include="DataEncoder.h">
      <Filter>Include\Headers</Filter>
    </ClInclude>
    <ClInclude Include="Examples.h">
      <Filter>Include\Headers</Filter>
    </ClInclude>
  </ItemGroup>
  <ItemGroup>
    <None Include="ClassDiagram.cd" />
  </ItemGroup>
  <ItemGroup>
    <Filter Include="Include">
      <UniqueIdentifier>{0ebf520f-cf6e-4d02-b664-d3183f00adb9}</UniqueIdentifier>
    </Filter>
    <Filter Include="Include\Headers">
      <UniqueIdentifier>{53ac2039-332a-466c-8c89-bd44996be2da}</UniqueIdentifier>
    </Filter>
    <Filter Include="Include\Templates">
      <UniqueIdentifier>{395da366-db2d-4a08-a690-78cd06213c78}</UniqueIdentifier>
    </Filter>
    <Filter Include="Source">
      <UniqueIdentifier>{de09e3a5-0c44-44f8-90d1-896fa70f548e}</UniqueIdentifier>
    </Filter>
    <Filter Include="Include\Defines">
      <UniqueIdentifier>{ab7e9c14-ce13-4698-af77-a84608052b34}</UniqueIdentifier>
    </Filter>
  </ItemGroup>
</Project>